
Microsoft Visual Studio Solution File, Format Version 12.00
# Visual Studio 14
VisualStudioVersion = 14.0.25420.1
MinimumVisualStudioVersion = 10.0.40219.1
Project("{FAE04EC0-301F-11D3-BF4B-00C04F79EFBC}") = "WebAPIApplication", "WebAPIApplication\WebAPIApplication.csproj", "{65822582-800B-4689-A25D-BB08D73A7813}"
EndProject
Project("{FAE04EC0-301F-11D3-BF4B-00C04F79EFBC}") = "ConsumeWebAPI", "ConsumeWebAPI\ConsumeWebAPI.csproj", "{113E419C-66E1-423F-AA0B-B49D7B88D09C}"
EndProject
Global
	GlobalSection(SolutionConfigurationPlatforms) = preSolution
		Debug|Any CPU = Debug|Any CPU
		Release|Any CPU = Release|Any CPU
	EndGlobalSection
	GlobalSection(ProjectConfigurationPlatforms) = postSolution
		{65822582-800B-4689-A25D-BB08D73A7813}.Debug|Any CPU.ActiveCfg = Debug|Any CPU
		{65822582-800B-4689-A25D-BB08D73A7813}.Debug|Any CPU.Build.0 = Debug|Any CPU
		{65822582-800B-4689-A25D-BB08D73A7813}.Release|Any CPU.ActiveCfg = Release|Any CPU
		{65822582-800B-4689-A25D-BB08D73A7813}.Release|Any CPU.Build.0 = Release|Any CPU
		{113E419C-66E1-423F-AA0B-B49D7B88D09C}.Debug|Any CPU.ActiveCfg = Debug|Any CPU
		{113E419C-66E1-423F-AA0B-B49D7B88D09C}.Debug|Any CPU.Build.0 = Debug|Any CPU
		{113E419C-66E1-423F-AA0B-B49D7B88D09C}.Release|Any CPU.ActiveCfg = Release|Any CPU
		{113E419C-66E1-423F-AA0B-B49D7B88D09C}.Release|Any CPU.Build.0 = Release|Any CPU
	EndGlobalSection
	GlobalSection(SolutionProperties) = preSolution
		HideSolutionNode = FALSE
	EndGlobalSection
EndGlobal
