
Microsoft Visual Studio Solution File, Format Version 12.00
# Visual Studio 14
VisualStudioVersion = 14.0.25420.1
MinimumVisualStudioVersion = 10.0.40219.1
Project("{FAE04EC0-301F-11D3-BF4B-00C04F79EFBC}") = "basicexample", "basicexample\basicexample.csproj", "{CD8B4B62-195C-41DC-856E-DBC7C930E098}"
EndProject
Project("{FAE04EC0-301F-11D3-BF4B-00C04F79EFBC}") = "oopsexample", "oopsexample\oopsexample.csproj", "{D1030070-67A6-4D5F-9217-BEAF43634740}"
EndProject
Project("{FAE04EC0-301F-11D3-BF4B-00C04F79EFBC}") = "20newfeatures", "20newfeatures\20newfeatures.csproj", "{D5C8F770-4CDB-4B7B-B0DA-80C78E07178F}"
EndProject
Project("{FAE04EC0-301F-11D3-BF4B-00C04F79EFBC}") = "propertyexample", "propertyexample\propertyexample.csproj", "{A80D9ED0-8396-4252-B61A-E5093752E0A2}"
EndProject
Project("{FAE04EC0-301F-11D3-BF4B-00C04F79EFBC}") = "ExceptionHandling", "ExceptionHandling\ExceptionHandling.csproj", "{7864112E-32A1-4BED-B142-AF3C5DCB8470}"
EndProject
Global
	GlobalSection(SolutionConfigurationPlatforms) = preSolution
		Debug|Any CPU = Debug|Any CPU
		Release|Any CPU = Release|Any CPU
	EndGlobalSection
	GlobalSection(ProjectConfigurationPlatforms) = postSolution
		{CD8B4B62-195C-41DC-856E-DBC7C930E098}.Debug|Any CPU.ActiveCfg = Debug|Any CPU
		{CD8B4B62-195C-41DC-856E-DBC7C930E098}.Debug|Any CPU.Build.0 = Debug|Any CPU
		{CD8B4B62-195C-41DC-856E-DBC7C930E098}.Release|Any CPU.ActiveCfg = Release|Any CPU
		{CD8B4B62-195C-41DC-856E-DBC7C930E098}.Release|Any CPU.Build.0 = Release|Any CPU
		{D1030070-67A6-4D5F-9217-BEAF43634740}.Debug|Any CPU.ActiveCfg = Debug|Any CPU
		{D1030070-67A6-4D5F-9217-BEAF43634740}.Debug|Any CPU.Build.0 = Debug|Any CPU
		{D1030070-67A6-4D5F-9217-BEAF43634740}.Release|Any CPU.ActiveCfg = Release|Any CPU
		{D1030070-67A6-4D5F-9217-BEAF43634740}.Release|Any CPU.Build.0 = Release|Any CPU
		{D5C8F770-4CDB-4B7B-B0DA-80C78E07178F}.Debug|Any CPU.ActiveCfg = Debug|Any CPU
		{D5C8F770-4CDB-4B7B-B0DA-80C78E07178F}.Debug|Any CPU.Build.0 = Debug|Any CPU
		{D5C8F770-4CDB-4B7B-B0DA-80C78E07178F}.Release|Any CPU.ActiveCfg = Release|Any CPU
		{D5C8F770-4CDB-4B7B-B0DA-80C78E07178F}.Release|Any CPU.Build.0 = Release|Any CPU
		{A80D9ED0-8396-4252-B61A-E5093752E0A2}.Debug|Any CPU.ActiveCfg = Debug|Any CPU
		{A80D9ED0-8396-4252-B61A-E5093752E0A2}.Debug|Any CPU.Build.0 = Debug|Any CPU
		{A80D9ED0-8396-4252-B61A-E5093752E0A2}.Release|Any CPU.ActiveCfg = Release|Any CPU
		{A80D9ED0-8396-4252-B61A-E5093752E0A2}.Release|Any CPU.Build.0 = Release|Any CPU
		{7864112E-32A1-4BED-B142-AF3C5DCB8470}.Debug|Any CPU.ActiveCfg = Debug|Any CPU
		{7864112E-32A1-4BED-B142-AF3C5DCB8470}.Debug|Any CPU.Build.0 = Debug|Any CPU
		{7864112E-32A1-4BED-B142-AF3C5DCB8470}.Release|Any CPU.ActiveCfg = Release|Any CPU
		{7864112E-32A1-4BED-B142-AF3C5DCB8470}.Release|Any CPU.Build.0 = Release|Any CPU
	EndGlobalSection
	GlobalSection(SolutionProperties) = preSolution
		HideSolutionNode = FALSE
	EndGlobalSection
EndGlobal
